// !$*UTF8*$!
{
	archiveVersion = 1;
	classes = {
	};
	objectVersion = 46;
	objects = {

/* Begin PBXBuildFile section */
		09BE3E811DE4D8A500DD8122 /* PortfolioSimResult.cpp in Sources */ = {isa = PBXBuildFile; fileRef = 09BE3E7F1DE4D8A500DD8122 /* PortfolioSimResult.cpp */; };
		C702966B1DC4D34E002C0037 /* Portfolio.cpp in Sources */ = {isa = PBXBuildFile; fileRef = C70296691DC4D34E002C0037 /* Portfolio.cpp */; };
		C702966C1DC4D34E002C0037 /* Portfolio.cpp in Sources */ = {isa = PBXBuildFile; fileRef = C70296691DC4D34E002C0037 /* Portfolio.cpp */; };
		C702966F1DC55899002C0037 /* Security.cpp in Sources */ = {isa = PBXBuildFile; fileRef = C702966D1DC55899002C0037 /* Security.cpp */; };
		C70296701DC55899002C0037 /* Security.cpp in Sources */ = {isa = PBXBuildFile; fileRef = C702966D1DC55899002C0037 /* Security.cpp */; };
		C70296731DC558C0002C0037 /* MarketScenario.cpp in Sources */ = {isa = PBXBuildFile; fileRef = C70296711DC558C0002C0037 /* MarketScenario.cpp */; };
		C70296741DC558C0002C0037 /* MarketScenario.cpp in Sources */ = {isa = PBXBuildFile; fileRef = C70296711DC558C0002C0037 /* MarketScenario.cpp */; };
		C70296771DC559D8002C0037 /* Position.cpp in Sources */ = {isa = PBXBuildFile; fileRef = C70296751DC559D8002C0037 /* Position.cpp */; };
		C70296781DC559D8002C0037 /* Position.cpp in Sources */ = {isa = PBXBuildFile; fileRef = C70296751DC559D8002C0037 /* Position.cpp */; };
		C7182DA01DC0242A00BD0F40 /* main.cpp in Sources */ = {isa = PBXBuildFile; fileRef = C7182D9F1DC0242A00BD0F40 /* main.cpp */; };
		C7182DAD1DC0244500BD0F40 /* Market.cpp in Sources */ = {isa = PBXBuildFile; fileRef = C7182DA71DC0244500BD0F40 /* Market.cpp */; };
		C7182DAE1DC0244500BD0F40 /* MarketFactor.cpp in Sources */ = {isa = PBXBuildFile; fileRef = C7182DA81DC0244500BD0F40 /* MarketFactor.cpp */; };
		C7182DAF1DC0244500BD0F40 /* MarketSimulation.cpp in Sources */ = {isa = PBXBuildFile; fileRef = C7182DAC1DC0244500BD0F40 /* MarketSimulation.cpp */; };
		C74991521DC17EB200B8ACA0 /* main.cpp in Sources */ = {isa = PBXBuildFile; fileRef = C74991511DC17EB200B8ACA0 /* main.cpp */; };
		C74991581DC180A800B8ACA0 /* testMarket.cpp in Sources */ = {isa = PBXBuildFile; fileRef = C74991561DC180A800B8ACA0 /* testMarket.cpp */; };
		C74991611DC185AF00B8ACA0 /* Market.cpp in Sources */ = {isa = PBXBuildFile; fileRef = C7182DA71DC0244500BD0F40 /* Market.cpp */; };
		C74991621DC185B200B8ACA0 /* MarketFactor.cpp in Sources */ = {isa = PBXBuildFile; fileRef = C7182DA81DC0244500BD0F40 /* MarketFactor.cpp */; };
		C74991631DC185B400B8ACA0 /* MarketSimulation.cpp in Sources */ = {isa = PBXBuildFile; fileRef = C7182DAC1DC0244500BD0F40 /* MarketSimulation.cpp */; };
		C74991651DC18C2F00B8ACA0 /* testMarketFactor.cpp in Sources */ = {isa = PBXBuildFile; fileRef = C74991641DC18C2F00B8ACA0 /* testMarketFactor.cpp */; };
		C74991671DC18D4B00B8ACA0 /* testMarketSimulation.cpp in Sources */ = {isa = PBXBuildFile; fileRef = C74991661DC18D4B00B8ACA0 /* testMarketSimulation.cpp */; };
/* End PBXBuildFile section */

/* Begin PBXCopyFilesBuildPhase section */
		C7182D9A1DC0242A00BD0F40 /* CopyFiles */ = {
			isa = PBXCopyFilesBuildPhase;
			buildActionMask = 2147483647;
			dstPath = /usr/share/man/man1/;
			dstSubfolderSpec = 0;
			files = (
			);
			runOnlyForDeploymentPostprocessing = 1;
		};
		C749914D1DC17EB200B8ACA0 /* CopyFiles */ = {
			isa = PBXCopyFilesBuildPhase;
			buildActionMask = 2147483647;
			dstPath = /usr/share/man/man1/;
			dstSubfolderSpec = 0;
			files = (
			);
			runOnlyForDeploymentPostprocessing = 1;
		};
/* End PBXCopyFilesBuildPhase section */

/* Begin PBXFileReference section */
		09BE3E7F1DE4D8A500DD8122 /* PortfolioSimResult.cpp */ = {isa = PBXFileReference; fileEncoding = 4; lastKnownFileType = sourcecode.cpp.cpp; path = PortfolioSimResult.cpp; sourceTree = "<group>"; };
		09BE3E801DE4D8A500DD8122 /* PortfolioSimResult.hpp */ = {isa = PBXFileReference; fileEncoding = 4; lastKnownFileType = sourcecode.cpp.h; path = PortfolioSimResult.hpp; sourceTree = "<group>"; };
		C70296691DC4D34E002C0037 /* Portfolio.cpp */ = {isa = PBXFileReference; fileEncoding = 4; lastKnownFileType = sourcecode.cpp.cpp; path = Portfolio.cpp; sourceTree = "<group>"; };
		C702966A1DC4D34E002C0037 /* Portfolio.hpp */ = {isa = PBXFileReference; fileEncoding = 4; lastKnownFileType = sourcecode.cpp.h; path = Portfolio.hpp; sourceTree = "<group>"; };
		C702966D1DC55899002C0037 /* Security.cpp */ = {isa = PBXFileReference; fileEncoding = 4; lastKnownFileType = sourcecode.cpp.cpp; path = Security.cpp; sourceTree = "<group>"; };
		C702966E1DC55899002C0037 /* Security.hpp */ = {isa = PBXFileReference; fileEncoding = 4; lastKnownFileType = sourcecode.cpp.h; path = Security.hpp; sourceTree = "<group>"; };
		C70296711DC558C0002C0037 /* MarketScenario.cpp */ = {isa = PBXFileReference; fileEncoding = 4; lastKnownFileType = sourcecode.cpp.cpp; path = MarketScenario.cpp; sourceTree = "<group>"; };
		C70296721DC558C0002C0037 /* MarketScenario.hpp */ = {isa = PBXFileReference; fileEncoding = 4; lastKnownFileType = sourcecode.cpp.h; path = MarketScenario.hpp; sourceTree = "<group>"; };
		C70296751DC559D8002C0037 /* Position.cpp */ = {isa = PBXFileReference; fileEncoding = 4; lastKnownFileType = sourcecode.cpp.cpp; path = Position.cpp; sourceTree = "<group>"; };
		C70296761DC559D8002C0037 /* Position.hpp */ = {isa = PBXFileReference; fileEncoding = 4; lastKnownFileType = sourcecode.cpp.h; path = Position.hpp; sourceTree = "<group>"; };
		C7182D9C1DC0242A00BD0F40 /* MultiFactorMonteCarlo */ = {isa = PBXFileReference; explicitFileType = "compiled.mach-o.executable"; includeInIndex = 0; path = MultiFactorMonteCarlo; sourceTree = BUILT_PRODUCTS_DIR; };
		C7182D9F1DC0242A00BD0F40 /* main.cpp */ = {isa = PBXFileReference; lastKnownFileType = sourcecode.cpp.cpp; path = main.cpp; sourceTree = "<group>"; };
		C7182DA61DC0244500BD0F40 /* IBM_T_NKE_AAPL_20141001-20160930.csv */ = {isa = PBXFileReference; fileEncoding = 4; lastKnownFileType = text; path = "IBM_T_NKE_AAPL_20141001-20160930.csv"; sourceTree = "<group>"; };
		C7182DA71DC0244500BD0F40 /* Market.cpp */ = {isa = PBXFileReference; fileEncoding = 4; lastKnownFileType = sourcecode.cpp.cpp; path = Market.cpp; sourceTree = "<group>"; };
		C7182DA81DC0244500BD0F40 /* MarketFactor.cpp */ = {isa = PBXFileReference; fileEncoding = 4; lastKnownFileType = sourcecode.cpp.cpp; path = MarketFactor.cpp; sourceTree = "<group>"; };
		C7182DA91DC0244500BD0F40 /* MarketFactor.hpp */ = {isa = PBXFileReference; fileEncoding = 4; lastKnownFileType = sourcecode.cpp.h; path = MarketFactor.hpp; sourceTree = "<group>"; };
		C7182DAA1DC0244500BD0F40 /* Market.hpp */ = {isa = PBXFileReference; fileEncoding = 4; lastKnownFileType = sourcecode.cpp.h; path = Market.hpp; sourceTree = "<group>"; };
		C7182DAB1DC0244500BD0F40 /* MarketSimulation.hpp */ = {isa = PBXFileReference; fileEncoding = 4; lastKnownFileType = sourcecode.cpp.h; path = MarketSimulation.hpp; sourceTree = "<group>"; };
		C7182DAC1DC0244500BD0F40 /* MarketSimulation.cpp */ = {isa = PBXFileReference; fileEncoding = 4; lastKnownFileType = sourcecode.cpp.cpp; path = MarketSimulation.cpp; sourceTree = "<group>"; };
		C74991451DC16A1400B8ACA0 /* catch.hpp */ = {isa = PBXFileReference; lastKnownFileType = sourcecode.cpp.h; name = catch.hpp; path = ../MultiFactorMonteCarlo/catch.hpp; sourceTree = "<group>"; };
		C749914F1DC17EB200B8ACA0 /* TestMultiFactorMonteCarlo */ = {isa = PBXFileReference; explicitFileType = "compiled.mach-o.executable"; includeInIndex = 0; path = TestMultiFactorMonteCarlo; sourceTree = BUILT_PRODUCTS_DIR; };
		C74991511DC17EB200B8ACA0 /* main.cpp */ = {isa = PBXFileReference; lastKnownFileType = sourcecode.cpp.cpp; path = main.cpp; sourceTree = "<group>"; };
		C74991561DC180A800B8ACA0 /* testMarket.cpp */ = {isa = PBXFileReference; fileEncoding = 4; lastKnownFileType = sourcecode.cpp.cpp; path = testMarket.cpp; sourceTree = "<group>"; };
		C74991641DC18C2F00B8ACA0 /* testMarketFactor.cpp */ = {isa = PBXFileReference; fileEncoding = 4; lastKnownFileType = sourcecode.cpp.cpp; path = testMarketFactor.cpp; sourceTree = "<group>"; };
		C74991661DC18D4B00B8ACA0 /* testMarketSimulation.cpp */ = {isa = PBXFileReference; fileEncoding = 4; lastKnownFileType = sourcecode.cpp.cpp; path = testMarketSimulation.cpp; sourceTree = "<group>"; };
		C7ECCA0D1DEE0A5E0010054D /* IBM_T_NKE_AAPL_20141001-20160930.csv */ = {isa = PBXFileReference; fileEncoding = 4; lastKnownFileType = text; path = "IBM_T_NKE_AAPL_20141001-20160930.csv"; sourceTree = "<group>"; };
/* End PBXFileReference section */

/* Begin PBXFrameworksBuildPhase section */
		C7182D991DC0242A00BD0F40 /* Frameworks */ = {
			isa = PBXFrameworksBuildPhase;
			buildActionMask = 2147483647;
			files = (
			);
			runOnlyForDeploymentPostprocessing = 0;
		};
		C749914C1DC17EB200B8ACA0 /* Frameworks */ = {
			isa = PBXFrameworksBuildPhase;
			buildActionMask = 2147483647;
			files = (
			);
			runOnlyForDeploymentPostprocessing = 0;
		};
/* End PBXFrameworksBuildPhase section */

/* Begin PBXGroup section */
		C7182D931DC0242A00BD0F40 = {
			isa = PBXGroup;
			children = (
				C7182D9E1DC0242A00BD0F40 /* MultiFactorMonteCarlo */,
				C74991501DC17EB200B8ACA0 /* TestMultiFactorMonteCarlo */,
				C7182D9D1DC0242A00BD0F40 /* Products */,
			);
			sourceTree = "<group>";
		};
		C7182D9D1DC0242A00BD0F40 /* Products */ = {
			isa = PBXGroup;
			children = (
				C7182D9C1DC0242A00BD0F40 /* MultiFactorMonteCarlo */,
				C749914F1DC17EB200B8ACA0 /* TestMultiFactorMonteCarlo */,
			);
			name = Products;
			sourceTree = "<group>";
		};
		C7182D9E1DC0242A00BD0F40 /* MultiFactorMonteCarlo */ = {
			isa = PBXGroup;
			children = (
				C7182DA61DC0244500BD0F40 /* IBM_T_NKE_AAPL_20141001-20160930.csv */,
				C7182D9F1DC0242A00BD0F40 /* main.cpp */,
				C70296711DC558C0002C0037 /* MarketScenario.cpp */,
				C70296721DC558C0002C0037 /* MarketScenario.hpp */,
				C7182DA71DC0244500BD0F40 /* Market.cpp */,
				C7182DAA1DC0244500BD0F40 /* Market.hpp */,
				C7182DA81DC0244500BD0F40 /* MarketFactor.cpp */,
				C7182DA91DC0244500BD0F40 /* MarketFactor.hpp */,
				C7182DAC1DC0244500BD0F40 /* MarketSimulation.cpp */,
				C7182DAB1DC0244500BD0F40 /* MarketSimulation.hpp */,
				C70296691DC4D34E002C0037 /* Portfolio.cpp */,
				C702966A1DC4D34E002C0037 /* Portfolio.hpp */,
				C70296751DC559D8002C0037 /* Position.cpp */,
				C70296761DC559D8002C0037 /* Position.hpp */,
				C702966D1DC55899002C0037 /* Security.cpp */,
				C702966E1DC55899002C0037 /* Security.hpp */,
				09BE3E7F1DE4D8A500DD8122 /* PortfolioSimResult.cpp */,
				09BE3E801DE4D8A500DD8122 /* PortfolioSimResult.hpp */,
			);
			path = MultiFactorMonteCarlo;
			sourceTree = "<group>";
		};
		C74991501DC17EB200B8ACA0 /* TestMultiFactorMonteCarlo */ = {
			isa = PBXGroup;
			children = (
				C7ECCA0D1DEE0A5E0010054D /* IBM_T_NKE_AAPL_20141001-20160930.csv */,
				C74991451DC16A1400B8ACA0 /* catch.hpp */,
				C74991511DC17EB200B8ACA0 /* main.cpp */,
				C74991561DC180A800B8ACA0 /* testMarket.cpp */,
				C74991641DC18C2F00B8ACA0 /* testMarketFactor.cpp */,
				C74991661DC18D4B00B8ACA0 /* testMarketSimulation.cpp */,
			);
			path = TestMultiFactorMonteCarlo;
			sourceTree = "<group>";
		};
/* End PBXGroup section */

/* Begin PBXNativeTarget section */
		C7182D9B1DC0242A00BD0F40 /* MultiFactorMonteCarlo */ = {
			isa = PBXNativeTarget;
			buildConfigurationList = C7182DA31DC0242A00BD0F40 /* Build configuration list for PBXNativeTarget "MultiFactorMonteCarlo" */;
			buildPhases = (
				C7182D981DC0242A00BD0F40 /* Sources */,
				C7182D991DC0242A00BD0F40 /* Frameworks */,
				C7182D9A1DC0242A00BD0F40 /* CopyFiles */,
			);
			buildRules = (
			);
			dependencies = (
			);
			name = MultiFactorMonteCarlo;
			productName = MultiFactorMonteCarlo;
			productReference = C7182D9C1DC0242A00BD0F40 /* MultiFactorMonteCarlo */;
			productType = "com.apple.product-type.tool";
		};
		C749914E1DC17EB200B8ACA0 /* TestMultiFactorMonteCarlo */ = {
			isa = PBXNativeTarget;
			buildConfigurationList = C74991531DC17EB200B8ACA0 /* Build configuration list for PBXNativeTarget "TestMultiFactorMonteCarlo" */;
			buildPhases = (
				C749914B1DC17EB200B8ACA0 /* Sources */,
				C749914C1DC17EB200B8ACA0 /* Frameworks */,
				C749914D1DC17EB200B8ACA0 /* CopyFiles */,
			);
			buildRules = (
			);
			dependencies = (
			);
			name = TestMultiFactorMonteCarlo;
			productName = TestMultiFactorMonteCarlo;
			productReference = C749914F1DC17EB200B8ACA0 /* TestMultiFactorMonteCarlo */;
			productType = "com.apple.product-type.tool";
		};
/* End PBXNativeTarget section */

/* Begin PBXProject section */
		C7182D941DC0242A00BD0F40 /* Project object */ = {
			isa = PBXProject;
			attributes = {
				LastUpgradeCheck = 0810;
				ORGANIZATIONNAME = "Peter Benson";
				TargetAttributes = {
					C7182D9B1DC0242A00BD0F40 = {
						CreatedOnToolsVersion = 8.0;
						ProvisioningStyle = Automatic;
					};
					C749914E1DC17EB200B8ACA0 = {
						CreatedOnToolsVersion = 8.0;
						ProvisioningStyle = Automatic;
					};
				};
			};
			buildConfigurationList = C7182D971DC0242A00BD0F40 /* Build configuration list for PBXProject "MultiFactorMonteCarlo" */;
			compatibilityVersion = "Xcode 3.2";
			developmentRegion = English;
			hasScannedForEncodings = 0;
			knownRegions = (
				en,
			);
			mainGroup = C7182D931DC0242A00BD0F40;
			productRefGroup = C7182D9D1DC0242A00BD0F40 /* Products */;
			projectDirPath = "";
			projectRoot = "";
			targets = (
				C7182D9B1DC0242A00BD0F40 /* MultiFactorMonteCarlo */,
				C749914E1DC17EB200B8ACA0 /* TestMultiFactorMonteCarlo */,
			);
		};
/* End PBXProject section */

/* Begin PBXSourcesBuildPhase section */
		C7182D981DC0242A00BD0F40 /* Sources */ = {
			isa = PBXSourcesBuildPhase;
			buildActionMask = 2147483647;
			files = (
				C7182DA01DC0242A00BD0F40 /* main.cpp in Sources */,
				C7182DAE1DC0244500BD0F40 /* MarketFactor.cpp in Sources */,
				09BE3E811DE4D8A500DD8122 /* PortfolioSimResult.cpp in Sources */,
				C70296771DC559D8002C0037 /* Position.cpp in Sources */,
				C7182DAF1DC0244500BD0F40 /* MarketSimulation.cpp in Sources */,
				C70296731DC558C0002C0037 /* MarketScenario.cpp in Sources */,
				C7182DAD1DC0244500BD0F40 /* Market.cpp in Sources */,
				C702966B1DC4D34E002C0037 /* Portfolio.cpp in Sources */,
				C702966F1DC55899002C0037 /* Security.cpp in Sources */,
			);
			runOnlyForDeploymentPostprocessing = 0;
		};
		C749914B1DC17EB200B8ACA0 /* Sources */ = {
			isa = PBXSourcesBuildPhase;
			buildActionMask = 2147483647;
			files = (
				C74991651DC18C2F00B8ACA0 /* testMarketFactor.cpp in Sources */,
				C74991621DC185B200B8ACA0 /* MarketFactor.cpp in Sources */,
				C70296701DC55899002C0037 /* Security.cpp in Sources */,
				C74991671DC18D4B00B8ACA0 /* testMarketSimulation.cpp in Sources */,
				C74991611DC185AF00B8ACA0 /* Market.cpp in Sources */,
				C702966C1DC4D34E002C0037 /* Portfolio.cpp in Sources */,
				C74991631DC185B400B8ACA0 /* MarketSimulation.cpp in Sources */,
				C74991521DC17EB200B8ACA0 /* main.cpp in Sources */,
				C74991581DC180A800B8ACA0 /* testMarket.cpp in Sources */,
				C70296781DC559D8002C0037 /* Position.cpp in Sources */,
				C70296741DC558C0002C0037 /* MarketScenario.cpp in Sources */,
			);
			runOnlyForDeploymentPostprocessing = 0;
		};
/* End PBXSourcesBuildPhase section */

/* Begin XCBuildConfiguration section */
		C7182DA11DC0242A00BD0F40 /* Debug */ = {
			isa = XCBuildConfiguration;
			buildSettings = {
				ALWAYS_SEARCH_USER_PATHS = NO;
				CLANG_ANALYZER_NONNULL = YES;
				CLANG_CXX_LANGUAGE_STANDARD = "gnu++0x";
				CLANG_CXX_LIBRARY = "libc++";
				CLANG_ENABLE_MODULES = YES;
				CLANG_ENABLE_OBJC_ARC = YES;
				CLANG_WARN_BOOL_CONVERSION = YES;
				CLANG_WARN_CONSTANT_CONVERSION = YES;
				CLANG_WARN_DIRECT_OBJC_ISA_USAGE = YES_ERROR;
				CLANG_WARN_DOCUMENTATION_COMMENTS = YES;
				CLANG_WARN_EMPTY_BODY = YES;
				CLANG_WARN_ENUM_CONVERSION = YES;
				CLANG_WARN_INFINITE_RECURSION = YES;
				CLANG_WARN_INT_CONVERSION = YES;
				CLANG_WARN_OBJC_ROOT_CLASS = YES_ERROR;
				CLANG_WARN_SUSPICIOUS_MOVE = YES;
				CLANG_WARN_SUSPICIOUS_MOVES = YES;
				CLANG_WARN_UNREACHABLE_CODE = YES;
				CLANG_WARN__DUPLICATE_METHOD_MATCH = YES;
				CODE_SIGN_IDENTITY = "-";
				COPY_PHASE_STRIP = NO;
				DEBUG_INFORMATION_FORMAT = dwarf;
				ENABLE_STRICT_OBJC_MSGSEND = YES;
				ENABLE_TESTABILITY = YES;
				GCC_C_LANGUAGE_STANDARD = gnu99;
				GCC_DYNAMIC_NO_PIC = NO;
				GCC_NO_COMMON_BLOCKS = YES;
				GCC_OPTIMIZATION_LEVEL = 0;
				GCC_PREPROCESSOR_DEFINITIONS = (
					"DEBUG=1",
					"$(inherited)",
				);
				GCC_WARN_64_TO_32_BIT_CONVERSION = YES;
				GCC_WARN_ABOUT_RETURN_TYPE = YES_ERROR;
				GCC_WARN_UNDECLARED_SELECTOR = YES;
				GCC_WARN_UNINITIALIZED_AUTOS = YES_AGGRESSIVE;
				GCC_WARN_UNUSED_FUNCTION = YES;
				GCC_WARN_UNUSED_VARIABLE = YES;
				HEADER_SEARCH_PATHS = /usr/local/include;
				"HEADER_SEARCH_PATHS[arch=*]" = /usr/local/include;
				MACOSX_DEPLOYMENT_TARGET = 10.11;
				MTL_ENABLE_DEBUG_INFO = YES;
				ONLY_ACTIVE_ARCH = YES;
				SDKROOT = macosx;
			};
			name = Debug;
		};
		C7182DA21DC0242A00BD0F40 /* Release */ = {
			isa = XCBuildConfiguration;
			buildSettings = {
				ALWAYS_SEARCH_USER_PATHS = NO;
				CLANG_ANALYZER_NONNULL = YES;
				CLANG_CXX_LANGUAGE_STANDARD = "gnu++0x";
				CLANG_CXX_LIBRARY = "libc++";
				CLANG_ENABLE_MODULES = YES;
				CLANG_ENABLE_OBJC_ARC = YES;
				CLANG_WARN_BOOL_CONVERSION = YES;
				CLANG_WARN_CONSTANT_CONVERSION = YES;
				CLANG_WARN_DIRECT_OBJC_ISA_USAGE = YES_ERROR;
				CLANG_WARN_DOCUMENTATION_COMMENTS = YES;
				CLANG_WARN_EMPTY_BODY = YES;
				CLANG_WARN_ENUM_CONVERSION = YES;
				CLANG_WARN_INFINITE_RECURSION = YES;
				CLANG_WARN_INT_CONVERSION = YES;
				CLANG_WARN_OBJC_ROOT_CLASS = YES_ERROR;
				CLANG_WARN_SUSPICIOUS_MOVE = YES;
				CLANG_WARN_SUSPICIOUS_MOVES = YES;
				CLANG_WARN_UNREACHABLE_CODE = YES;
				CLANG_WARN__DUPLICATE_METHOD_MATCH = YES;
				CODE_SIGN_IDENTITY = "-";
				COPY_PHASE_STRIP = NO;
				DEBUG_INFORMATION_FORMAT = "dwarf-with-dsym";
				ENABLE_NS_ASSERTIONS = NO;
				ENABLE_STRICT_OBJC_MSGSEND = YES;
				GCC_C_LANGUAGE_STANDARD = gnu99;
				GCC_NO_COMMON_BLOCKS = YES;
				GCC_WARN_64_TO_32_BIT_CONVERSION = YES;
				GCC_WARN_ABOUT_RETURN_TYPE = YES_ERROR;
				GCC_WARN_UNDECLARED_SELECTOR = YES;
				GCC_WARN_UNINITIALIZED_AUTOS = YES_AGGRESSIVE;
				GCC_WARN_UNUSED_FUNCTION = YES;
				GCC_WARN_UNUSED_VARIABLE = YES;
				"HEADER_SEARCH_PATHS[arch=*]" = /usr/local/include;
				MACOSX_DEPLOYMENT_TARGET = 10.11;
				MTL_ENABLE_DEBUG_INFO = NO;
				SDKROOT = macosx;
			};
			name = Release;
		};
		C7182DA41DC0242A00BD0F40 /* Debug */ = {
			isa = XCBuildConfiguration;
			buildSettings = {
				CLANG_CXX_LANGUAGE_STANDARD = "c++14";
				PRODUCT_NAME = "$(TARGET_NAME)";
			};
			name = Debug;
		};
		C7182DA51DC0242A00BD0F40 /* Release */ = {
			isa = XCBuildConfiguration;
			buildSettings = {
				CLANG_CXX_LANGUAGE_STANDARD = "c++14";
				PRODUCT_NAME = "$(TARGET_NAME)";
			};
			name = Release;
		};
		C74991541DC17EB200B8ACA0 /* Debug */ = {
			isa = XCBuildConfiguration;
			buildSettings = {
				PRODUCT_NAME = "$(TARGET_NAME)";
			};
			name = Debug;
		};
		C74991551DC17EB200B8ACA0 /* Release */ = {
			isa = XCBuildConfiguration;
			buildSettings = {
				PRODUCT_NAME = "$(TARGET_NAME)";
			};
			name = Release;
		};
/* End XCBuildConfiguration section */

/* Begin XCConfigurationList section */
		C7182D971DC0242A00BD0F40 /* Build configuration list for PBXProject "MultiFactorMonteCarlo" */ = {
			isa = XCConfigurationList;
			buildConfigurations = (
				C7182DA11DC0242A00BD0F40 /* Debug */,
				C7182DA21DC0242A00BD0F40 /* Release */,
			);
			defaultConfigurationIsVisible = 0;
			defaultConfigurationName = Release;
		};
		C7182DA31DC0242A00BD0F40 /* Build configuration list for PBXNativeTarget "MultiFactorMonteCarlo" */ = {
			isa = XCConfigurationList;
			buildConfigurations = (
				C7182DA41DC0242A00BD0F40 /* Debug */,
				C7182DA51DC0242A00BD0F40 /* Release */,
			);
			defaultConfigurationIsVisible = 0;
			defaultConfigurationName = Release;
		};
		C74991531DC17EB200B8ACA0 /* Build configuration list for PBXNativeTarget "TestMultiFactorMonteCarlo" */ = {
			isa = XCConfigurationList;
			buildConfigurations = (
				C74991541DC17EB200B8ACA0 /* Debug */,
				C74991551DC17EB200B8ACA0 /* Release */,
			);
			defaultConfigurationIsVisible = 0;
			defaultConfigurationName = Release;
		};
/* End XCConfigurationList section */
	};
	rootObject = C7182D941DC0242A00BD0F40 /* Project object */;
}
